
Microsoft Visual Studio Solution File, Format Version 12.00
# Visual Studio 2013
VisualStudioVersion = 12.0.30723.0
MinimumVisualStudioVersion = 10.0.40219.1
Project("{FAE04EC0-301F-11D3-BF4B-00C04F79EFBC}") = "SawYou", "SawYou\SawYou.csproj", "{6849F159-8FA3-4A28-B3E0-31A31B7A8D27}"
EndProject
Project("{FAE04EC0-301F-11D3-BF4B-00C04F79EFBC}") = "SawYouModels", "SawYouModels\SawYouModels.csproj", "{86787169-FE53-462A-81D3-8B21F3BFACB0}"
EndProject
Project("{FAE04EC0-301F-11D3-BF4B-00C04F79EFBC}") = "SawYouWebAPI", "SawYouWebAPI\SawYouWebAPI.csproj", "{966B2DAD-EBEE-4ED1-9493-9EFFB0BB877B}"
EndProject
Project("{2150E333-8FDC-42A3-9474-1A3956D46DE8}") = ".nuget", ".nuget", "{65617653-EE12-45C4-905B-C4A5758FBDC2}"
	ProjectSection(SolutionItems) = preProject
		.nuget\packages.config = .nuget\packages.config
	EndProjectSection
EndProject
Global
	GlobalSection(SolutionConfigurationPlatforms) = preSolution
		Debug|Any CPU = Debug|Any CPU
		Release|Any CPU = Release|Any CPU
	EndGlobalSection
	GlobalSection(ProjectConfigurationPlatforms) = postSolution
		{6849F159-8FA3-4A28-B3E0-31A31B7A8D27}.Debug|Any CPU.ActiveCfg = Debug|Any CPU
		{6849F159-8FA3-4A28-B3E0-31A31B7A8D27}.Debug|Any CPU.Build.0 = Debug|Any CPU
		{6849F159-8FA3-4A28-B3E0-31A31B7A8D27}.Release|Any CPU.ActiveCfg = Release|Any CPU
		{6849F159-8FA3-4A28-B3E0-31A31B7A8D27}.Release|Any CPU.Build.0 = Release|Any CPU
		{86787169-FE53-462A-81D3-8B21F3BFACB0}.Debug|Any CPU.ActiveCfg = Debug|Any CPU
		{86787169-FE53-462A-81D3-8B21F3BFACB0}.Debug|Any CPU.Build.0 = Debug|Any CPU
		{86787169-FE53-462A-81D3-8B21F3BFACB0}.Release|Any CPU.ActiveCfg = Release|Any CPU
		{86787169-FE53-462A-81D3-8B21F3BFACB0}.Release|Any CPU.Build.0 = Release|Any CPU
		{966B2DAD-EBEE-4ED1-9493-9EFFB0BB877B}.Debug|Any CPU.ActiveCfg = Debug|Any CPU
		{966B2DAD-EBEE-4ED1-9493-9EFFB0BB877B}.Debug|Any CPU.Build.0 = Debug|Any CPU
		{966B2DAD-EBEE-4ED1-9493-9EFFB0BB877B}.Release|Any CPU.ActiveCfg = Release|Any CPU
		{966B2DAD-EBEE-4ED1-9493-9EFFB0BB877B}.Release|Any CPU.Build.0 = Release|Any CPU
	EndGlobalSection
	GlobalSection(SolutionProperties) = preSolution
		HideSolutionNode = FALSE
	EndGlobalSection
EndGlobal
